# This file is autogenerated, do not edit; changes may be undone by the next 'dep ensure'.


[[projects]]
  name = "github.com/disintegration/imaging"
  packages = ["."]
  revision = "c3956f26e8f5f2370428d573648fedc717fbe51e"
  version = "v1.2.2"

[[projects]]
  name = "github.com/gorilla/websocket"
  packages = ["."]
  revision = "ea4d1f681babbce9545c9c5f3d5194a789c89f5b"
  version = "v1.2.0"

[[projects]]
  branch = "master"
  name = "github.com/knq/chromedp"
  packages = [".","cdp","cdp/accessibility","cdp/animation","cdp/applicationcache","cdp/audits","cdp/browser","cdp/cachestorage","cdp/cdputil","cdp/css","cdp/database","cdp/debugger","cdp/dom","cdp/domdebugger","cdp/domsnapshot","cdp/domstorage","cdp/emulation","cdp/heapprofiler","cdp/indexeddb","cdp/input","cdp/inspector","cdp/io","cdp/layertree","cdp/log","cdp/memory","cdp/network","cdp/overlay","cdp/page","cdp/performance","cdp/profiler","cdp/runtime","cdp/schema","cdp/security","cdp/serviceworker","cdp/storage","cdp/systeminfo","cdp/target","cdp/tethering","cdp/tracing","client","kb","runner"]
  revision = "f7ba4ae79bcdd7a05f7ba967bff8426d1c2a8f09"

[[projects]]
  branch = "master"
  name = "github.com/knq/sysutil"
  packages = ["."]
  revision = "53c4155f11f69acc282e07ed0b9df3fab4874eb1"

[[projects]]
  branch = "master"
  name = "github.com/mailru/easyjson"
  packages = [".","buffer","jlexer","jwriter"]
  revision = "2a92e673c9a6302dd05c3a691ae1f24aef46457d"

[[projects]]
  branch = "master"
  name = "golang.org/x/image"
  packages = ["bmp","tiff","tiff/lzw"]
  revision = "e20db36d77bd0cb36cea8fe49d5c37d82d21591f"

[solve-meta]
  analyzer-name = "dep"
  analyzer-version = 1
  inputs-digest = "fe6d7e6bb1f2d0c2e14098aaf7b1ea602ae2c49b7c38441c4b2f7b019a9a9819"
  solver-name = "gps-cdcl"
  solver-version = 1
